// !$*UTF8*$!
{
	archiveVersion = 1;
	classes = {
	};
	objectVersion = 56;
	objects = {

/* Begin PBXBuildFile section */
		5663F9C72A24F9E30054AD54 /* AItTestImageTWQApp.swift in Sources */ = {isa = PBXBuildFile; fileRef = 5663F9C62A24F9E30054AD54 /* AItTestImageTWQApp.swift */; };
		5663F9C92A24F9E30054AD54 /* ContentView.swift in Sources */ = {isa = PBXBuildFile; fileRef = 5663F9C82A24F9E30054AD54 /* ContentView.swift */; };
		5663F9CB2A24F9E60054AD54 /* Assets.xcassets in Resources */ = {isa = PBXBuildFile; fileRef = 5663F9CA2A24F9E60054AD54 /* Assets.xcassets */; };
		5663F9CE2A24F9E60054AD54 /* Preview Assets.xcassets in Resources */ = {isa = PBXBuildFile; fileRef = 5663F9CD2A24F9E60054AD54 /* Preview Assets.xcassets */; };
		5663F9D52A24FA300054AD54 /* ImagePicker.swift in Sources */ = {isa = PBXBuildFile; fileRef = 5663F9D42A24FA300054AD54 /* ImagePicker.swift */; };
		5663F9D72A250DB10054AD54 /* MobileNetV2.mlmodel in Sources */ = {isa = PBXBuildFile; fileRef = 5663F9D62A250DB10054AD54 /* MobileNetV2.mlmodel */; };
		5663F9D92A250E8A0054AD54 /* ImageClassfier.swift in Sources */ = {isa = PBXBuildFile; fileRef = 5663F9D82A250E8A0054AD54 /* ImageClassfier.swift */; };
		5663F9DB2A2527BC0054AD54 /* Resnet50.mlmodel in Sources */ = {isa = PBXBuildFile; fileRef = 5663F9DA2A2527BC0054AD54 /* Resnet50.mlmodel */; };
		5674BD672A2FA9540022051A /* w.swift in Sources */ = {isa = PBXBuildFile; fileRef = 5674BD662A2FA9530022051A /* w.swift */; };
		5674BD8D2A31F8470022051A /* VideoCapture.swift in Sources */ = {isa = PBXBuildFile; fileRef = 5674BD8B2A31F8460022051A /* VideoCapture.swift */; };
		5674BD8E2A31F8470022051A /* CircleImage.swift in Sources */ = {isa = PBXBuildFile; fileRef = 5674BD8C2A31F8460022051A /* CircleImage.swift */; };
		5674BD902A31FBD20022051A /* LiveImageViewController.swift in Sources */ = {isa = PBXBuildFile; fileRef = 5674BD8F2A31FBD20022051A /* LiveImageViewController.swift */; };
		5674BD922A3205870022051A /* VideoClassfier.swift in Sources */ = {isa = PBXBuildFile; fileRef = 5674BD912A3205870022051A /* VideoClassfier.swift */; };
		5674BD972A3205FE0022051A /* Onboearding.swift in Sources */ = {isa = PBXBuildFile; fileRef = 5674BD962A3205FE0022051A /* Onboearding.swift */; };
/* End PBXBuildFile section */

/* Begin PBXFileReference section */
		5663F9C32A24F9E30054AD54 /* AItTestImageTWQ.app */ = {isa = PBXFileReference; explicitFileType = wrapper.application; includeInIndex = 0; path = AItTestImageTWQ.app; sourceTree = BUILT_PRODUCTS_DIR; };
		5663F9C62A24F9E30054AD54 /* AItTestImageTWQApp.swift */ = {isa = PBXFileReference; lastKnownFileType = sourcecode.swift; path = AItTestImageTWQApp.swift; sourceTree = "<group>"; };
		5663F9C82A24F9E30054AD54 /* ContentView.swift */ = {isa = PBXFileReference; lastKnownFileType = sourcecode.swift; path = ContentView.swift; sourceTree = "<group>"; };
		5663F9CA2A24F9E60054AD54 /* Assets.xcassets */ = {isa = PBXFileReference; lastKnownFileType = folder.assetcatalog; path = Assets.xcassets; sourceTree = "<group>"; };
		5663F9CD2A24F9E60054AD54 /* Preview Assets.xcassets */ = {isa = PBXFileReference; lastKnownFileType = folder.assetcatalog; path = "Preview Assets.xcassets"; sourceTree = "<group>"; };
		5663F9D42A24FA300054AD54 /* ImagePicker.swift */ = {isa = PBXFileReference; lastKnownFileType = sourcecode.swift; path = ImagePicker.swift; sourceTree = "<group>"; };
		5663F9D62A250DB10054AD54 /* MobileNetV2.mlmodel */ = {isa = PBXFileReference; lastKnownFileType = file.mlmodel; path = MobileNetV2.mlmodel; sourceTree = "<group>"; };
		5663F9D82A250E8A0054AD54 /* ImageClassfier.swift */ = {isa = PBXFileReference; lastKnownFileType = sourcecode.swift; path = ImageClassfier.swift; sourceTree = "<group>"; };
		5663F9DA2A2527BC0054AD54 /* Resnet50.mlmodel */ = {isa = PBXFileReference; lastKnownFileType = file.mlmodel; path = Resnet50.mlmodel; sourceTree = "<group>"; };
		5674BD662A2FA9530022051A /* w.swift */ = {isa = PBXFileReference; lastKnownFileType = sourcecode.swift; path = w.swift; sourceTree = "<group>"; };
		5674BD8B2A31F8460022051A /* VideoCapture.swift */ = {isa = PBXFileReference; fileEncoding = 4; lastKnownFileType = sourcecode.swift; path = VideoCapture.swift; sourceTree = "<group>"; };
		5674BD8C2A31F8460022051A /* CircleImage.swift */ = {isa = PBXFileReference; fileEncoding = 4; lastKnownFileType = sourcecode.swift; path = CircleImage.swift; sourceTree = "<group>"; };
		5674BD8F2A31FBD20022051A /* LiveImageViewController.swift */ = {isa = PBXFileReference; fileEncoding = 4; lastKnownFileType = sourcecode.swift; path = LiveImageViewController.swift; sourceTree = "<group>"; };
		5674BD912A3205870022051A /* VideoClassfier.swift */ = {isa = PBXFileReference; lastKnownFileType = sourcecode.swift; path = VideoClassfier.swift; sourceTree = "<group>"; };
		5674BD962A3205FE0022051A /* Onboearding.swift */ = {isa = PBXFileReference; lastKnownFileType = sourcecode.swift; path = Onboearding.swift; sourceTree = "<group>"; };
/* End PBXFileReference section */

/* Begin PBXFrameworksBuildPhase section */
		5663F9C02A24F9E30054AD54 /* Frameworks */ = {
			isa = PBXFrameworksBuildPhase;
			buildActionMask = 2147483647;
			files = (
			);
			runOnlyForDeploymentPostprocessing = 0;
		};
/* End PBXFrameworksBuildPhase section */

/* Begin PBXGroup section */
		5663F9BA2A24F9E30054AD54 = {
			isa = PBXGroup;
			children = (
				5663F9C52A24F9E30054AD54 /* AItTestImageTWQ */,
				5663F9C42A24F9E30054AD54 /* Products */,
			);
			sourceTree = "<group>";
		};
		5663F9C42A24F9E30054AD54 /* Products */ = {
			isa = PBXGroup;
			children = (
				5663F9C32A24F9E30054AD54 /* AItTestImageTWQ.app */,
			);
			name = Products;
			sourceTree = "<group>";
		};
		5663F9C52A24F9E30054AD54 /* AItTestImageTWQ */ = {
			isa = PBXGroup;
			children = (
				5674BD8A2A31F8460022051A /* Supporting Views */,
				5674BD982A3206070022051A /* Controllers */,
				5674BD952A3205D20022051A /* Views */,
				5674BD942A3205B50022051A /* Models */,
				5674BD932A32059B0022051A /* Classfiers */,
				5663F9C62A24F9E30054AD54 /* AItTestImageTWQApp.swift */,
				5663F9CA2A24F9E60054AD54 /* Assets.xcassets */,
				5663F9CC2A24F9E60054AD54 /* Preview Content */,
			);
			path = AItTestImageTWQ;
			sourceTree = "<group>";
		};
		5663F9CC2A24F9E60054AD54 /* Preview Content */ = {
			isa = PBXGroup;
			children = (
				5663F9CD2A24F9E60054AD54 /* Preview Assets.xcassets */,
			);
			path = "Preview Content";
			sourceTree = "<group>";
		};
		5674BD8A2A31F8460022051A /* Supporting Views */ = {
			isa = PBXGroup;
			children = (
				5663F9D42A24FA300054AD54 /* ImagePicker.swift */,
				5674BD8B2A31F8460022051A /* VideoCapture.swift */,
			);
			path = "Supporting Views";
			sourceTree = "<group>";
		};
		5674BD932A32059B0022051A /* Classfiers */ = {
			isa = PBXGroup;
			children = (
				5663F9D82A250E8A0054AD54 /* ImageClassfier.swift */,
				5674BD912A3205870022051A /* VideoClassfier.swift */,
			);
			path = Classfiers;
			sourceTree = "<group>";
		};
		5674BD942A3205B50022051A /* Models */ = {
			isa = PBXGroup;
			children = (
				5663F9DA2A2527BC0054AD54 /* Resnet50.mlmodel */,
				5663F9D62A250DB10054AD54 /* MobileNetV2.mlmodel */,
			);
			path = Models;
			sourceTree = "<group>";
		};
		5674BD952A3205D20022051A /* Views */ = {
			isa = PBXGroup;
			children = (
				5674BD8C2A31F8460022051A /* CircleImage.swift */,
				5663F9C82A24F9E30054AD54 /* ContentView.swift */,
				5674BD662A2FA9530022051A /* w.swift */,
				5674BD962A3205FE0022051A /* Onboearding.swift */,
			);
			path = Views;
			sourceTree = "<group>";
		};
		5674BD982A3206070022051A /* Controllers */ = {
			isa = PBXGroup;
			children = (
				5674BD8F2A31FBD20022051A /* LiveImageViewController.swift */,
			);
			path = Controllers;
			sourceTree = "<group>";
		};
/* End PBXGroup section */

/* Begin PBXNativeTarget section */
		5663F9C22A24F9E30054AD54 /* AItTestImageTWQ */ = {
			isa = PBXNativeTarget;
			buildConfigurationList = 5663F9D12A24F9E60054AD54 /* Build configuration list for PBXNativeTarget "AItTestImageTWQ" */;
			buildPhases = (
				5663F9BF2A24F9E30054AD54 /* Sources */,
				5663F9C02A24F9E30054AD54 /* Frameworks */,
				5663F9C12A24F9E30054AD54 /* Resources */,
			);
			buildRules = (
			);
			dependencies = (
			);
			name = AItTestImageTWQ;
			productName = AItTestImageTWQ;
			productReference = 5663F9C32A24F9E30054AD54 /* AItTestImageTWQ.app */;
			productType = "com.apple.product-type.application";
		};
/* End PBXNativeTarget section */

/* Begin PBXProject section */
		5663F9BB2A24F9E30054AD54 /* Project object */ = {
			isa = PBXProject;
			attributes = {
				BuildIndependentTargetsInParallel = 1;
				LastSwiftUpdateCheck = 1430;
				LastUpgradeCheck = 1430;
				TargetAttributes = {
					5663F9C22A24F9E30054AD54 = {
						CreatedOnToolsVersion = 14.3;
					};
				};
			};
			buildConfigurationList = 5663F9BE2A24F9E30054AD54 /* Build configuration list for PBXProject "AItTestImageTWQ" */;
			compatibilityVersion = "Xcode 14.0";
			developmentRegion = en;
			hasScannedForEncodings = 0;
			knownRegions = (
				en,
				Base,
			);
			mainGroup = 5663F9BA2A24F9E30054AD54;
			productRefGroup = 5663F9C42A24F9E30054AD54 /* Products */;
			projectDirPath = "";
			projectRoot = "";
			targets = (
				5663F9C22A24F9E30054AD54 /* AItTestImageTWQ */,
			);
		};
/* End PBXProject section */

/* Begin PBXResourcesBuildPhase section */
		5663F9C12A24F9E30054AD54 /* Resources */ = {
			isa = PBXResourcesBuildPhase;
			buildActionMask = 2147483647;
			files = (
				5663F9CE2A24F9E60054AD54 /* Preview Assets.xcassets in Resources */,
				5663F9CB2A24F9E60054AD54 /* Assets.xcassets in Resources */,
			);
			runOnlyForDeploymentPostprocessing = 0;
		};
/* End PBXResourcesBuildPhase section */

/* Begin PBXSourcesBuildPhase section */
		5663F9BF2A24F9E30054AD54 /* Sources */ = {
			isa = PBXSourcesBuildPhase;
			buildActionMask = 2147483647;
			files = (
				5674BD8D2A31F8470022051A /* VideoCapture.swift in Sources */,
				5674BD672A2FA9540022051A /* w.swift in Sources */,
				5674BD922A3205870022051A /* VideoClassfier.swift in Sources */,
				5674BD902A31FBD20022051A /* LiveImageViewController.swift in Sources */,
				5663F9D52A24FA300054AD54 /* ImagePicker.swift in Sources */,
				5663F9C92A24F9E30054AD54 /* ContentView.swift in Sources */,
				5663F9D72A250DB10054AD54 /* MobileNetV2.mlmodel in Sources */,
				5674BD8E2A31F8470022051A /* CircleImage.swift in Sources */,
				5674BD972A3205FE0022051A /* Onboearding.swift in Sources */,
				5663F9C72A24F9E30054AD54 /* AItTestImageTWQApp.swift in Sources */,
				5663F9DB2A2527BC0054AD54 /* Resnet50.mlmodel in Sources */,
				5663F9D92A250E8A0054AD54 /* ImageClassfier.swift in Sources */,
			);
			runOnlyForDeploymentPostprocessing = 0;
		};
/* End PBXSourcesBuildPhase section */

/* Begin XCBuildConfiguration section */
		5663F9CF2A24F9E60054AD54 /* Debug */ = {
			isa = XCBuildConfiguration;
			buildSettings = {
				ALWAYS_SEARCH_USER_PATHS = NO;
				CLANG_ANALYZER_NONNULL = YES;
				CLANG_ANALYZER_NUMBER_OBJECT_CONVERSION = YES_AGGRESSIVE;
				CLANG_CXX_LANGUAGE_STANDARD = "gnu++20";
				CLANG_ENABLE_MODULES = YES;
				CLANG_ENABLE_OBJC_ARC = YES;
				CLANG_ENABLE_OBJC_WEAK = YES;
				CLANG_WARN_BLOCK_CAPTURE_AUTORELEASING = YES;
				CLANG_WARN_BOOL_CONVERSION = YES;
				CLANG_WARN_COMMA = YES;
				CLANG_WARN_CONSTANT_CONVERSION = YES;
				CLANG_WARN_DEPRECATED_OBJC_IMPLEMENTATIONS = YES;
				CLANG_WARN_DIRECT_OBJC_ISA_USAGE = YES_ERROR;
				CLANG_WARN_DOCUMENTATION_COMMENTS = YES;
				CLANG_WARN_EMPTY_BODY = YES;
				CLANG_WARN_ENUM_CONVERSION = YES;
				CLANG_WARN_INFINITE_RECURSION = YES;
				CLANG_WARN_INT_CONVERSION = YES;
				CLANG_WARN_NON_LITERAL_NULL_CONVERSION = YES;
				CLANG_WARN_OBJC_IMPLICIT_RETAIN_SELF = YES;
				CLANG_WARN_OBJC_LITERAL_CONVERSION = YES;
				CLANG_WARN_OBJC_ROOT_CLASS = YES_ERROR;
				CLANG_WARN_QUOTED_INCLUDE_IN_FRAMEWORK_HEADER = YES;
				CLANG_WARN_RANGE_LOOP_ANALYSIS = YES;
				CLANG_WARN_STRICT_PROTOTYPES = YES;
				CLANG_WARN_SUSPICIOUS_MOVE = YES;
				CLANG_WARN_UNGUARDED_AVAILABILITY = YES_AGGRESSIVE;
				CLANG_WARN_UNREACHABLE_CODE = YES;
				CLANG_WARN__DUPLICATE_METHOD_MATCH = YES;
				COPY_PHASE_STRIP = NO;
				DEBUG_INFORMATION_FORMAT = dwarf;
				ENABLE_STRICT_OBJC_MSGSEND = YES;
				ENABLE_TESTABILITY = YES;
				GCC_C_LANGUAGE_STANDARD = gnu11;
				GCC_DYNAMIC_NO_PIC = NO;
				GCC_NO_COMMON_BLOCKS = YES;
				GCC_OPTIMIZATION_LEVEL = 0;
				GCC_PREPROCESSOR_DEFINITIONS = (
					"DEBUG=1",
					"$(inherited)",
				);
				GCC_WARN_64_TO_32_BIT_CONVERSION = YES;
				GCC_WARN_ABOUT_RETURN_TYPE = YES_ERROR;
				GCC_WARN_UNDECLARED_SELECTOR = YES;
				GCC_WARN_UNINITIALIZED_AUTOS = YES_AGGRESSIVE;
				GCC_WARN_UNUSED_FUNCTION = YES;
				GCC_WARN_UNUSED_VARIABLE = YES;
				IPHONEOS_DEPLOYMENT_TARGET = 16.4;
				MTL_ENABLE_DEBUG_INFO = INCLUDE_SOURCE;
				MTL_FAST_MATH = YES;
				ONLY_ACTIVE_ARCH = YES;
				SDKROOT = iphoneos;
				SWIFT_ACTIVE_COMPILATION_CONDITIONS = DEBUG;
				SWIFT_OPTIMIZATION_LEVEL = "-Onone";
			};
			name = Debug;
		};
		5663F9D02A24F9E60054AD54 /* Release */ = {
			isa = XCBuildConfiguration;
			buildSettings = {
				ALWAYS_SEARCH_USER_PATHS = NO;
				CLANG_ANALYZER_NONNULL = YES;
				CLANG_ANALYZER_NUMBER_OBJECT_CONVERSION = YES_AGGRESSIVE;
				CLANG_CXX_LANGUAGE_STANDARD = "gnu++20";
				CLANG_ENABLE_MODULES = YES;
				CLANG_ENABLE_OBJC_ARC = YES;
				CLANG_ENABLE_OBJC_WEAK = YES;
				CLANG_WARN_BLOCK_CAPTURE_AUTORELEASING = YES;
				CLANG_WARN_BOOL_CONVERSION = YES;
				CLANG_WARN_COMMA = YES;
				CLANG_WARN_CONSTANT_CONVERSION = YES;
				CLANG_WARN_DEPRECATED_OBJC_IMPLEMENTATIONS = YES;
				CLANG_WARN_DIRECT_OBJC_ISA_USAGE = YES_ERROR;
				CLANG_WARN_DOCUMENTATION_COMMENTS = YES;
				CLANG_WARN_EMPTY_BODY = YES;
				CLANG_WARN_ENUM_CONVERSION = YES;
				CLANG_WARN_INFINITE_RECURSION = YES;
				CLANG_WARN_INT_CONVERSION = YES;
				CLANG_WARN_NON_LITERAL_NULL_CONVERSION = YES;
				CLANG_WARN_OBJC_IMPLICIT_RETAIN_SELF = YES;
				CLANG_WARN_OBJC_LITERAL_CONVERSION = YES;
				CLANG_WARN_OBJC_ROOT_CLASS = YES_ERROR;
				CLANG_WARN_QUOTED_INCLUDE_IN_FRAMEWORK_HEADER = YES;
				CLANG_WARN_RANGE_LOOP_ANALYSIS = YES;
				CLANG_WARN_STRICT_PROTOTYPES = YES;
				CLANG_WARN_SUSPICIOUS_MOVE = YES;
				CLANG_WARN_UNGUARDED_AVAILABILITY = YES_AGGRESSIVE;
				CLANG_WARN_UNREACHABLE_CODE = YES;
				CLANG_WARN__DUPLICATE_METHOD_MATCH = YES;
				COPY_PHASE_STRIP = NO;
				DEBUG_INFORMATION_FORMAT = "dwarf-with-dsym";
				ENABLE_NS_ASSERTIONS = NO;
				ENABLE_STRICT_OBJC_MSGSEND = YES;
				GCC_C_LANGUAGE_STANDARD = gnu11;
				GCC_NO_COMMON_BLOCKS = YES;
				GCC_WARN_64_TO_32_BIT_CONVERSION = YES;
				GCC_WARN_ABOUT_RETURN_TYPE = YES_ERROR;
				GCC_WARN_UNDECLARED_SELECTOR = YES;
				GCC_WARN_UNINITIALIZED_AUTOS = YES_AGGRESSIVE;
				GCC_WARN_UNUSED_FUNCTION = YES;
				GCC_WARN_UNUSED_VARIABLE = YES;
				IPHONEOS_DEPLOYMENT_TARGET = 16.4;
				MTL_ENABLE_DEBUG_INFO = NO;
				MTL_FAST_MATH = YES;
				SDKROOT = iphoneos;
				SWIFT_COMPILATION_MODE = wholemodule;
				SWIFT_OPTIMIZATION_LEVEL = "-O";
				VALIDATE_PRODUCT = YES;
			};
			name = Release;
		};
		5663F9D22A24F9E60054AD54 /* Debug */ = {
			isa = XCBuildConfiguration;
			buildSettings = {
				ASSETCATALOG_COMPILER_APPICON_NAME = AppIcon;
				ASSETCATALOG_COMPILER_GLOBAL_ACCENT_COLOR_NAME = AccentColor;
				CODE_SIGN_STYLE = Automatic;
				CURRENT_PROJECT_VERSION = 1;
				DEVELOPMENT_ASSET_PATHS = "\"AItTestImageTWQ/Preview Content\"";
				DEVELOPMENT_TEAM = 44QNX63HR6;
				ENABLE_PREVIEWS = YES;
				GENERATE_INFOPLIST_FILE = YES;
				INFOPLIST_KEY_UIApplicationSceneManifest_Generation = YES;
				INFOPLIST_KEY_UIApplicationSupportsIndirectInputEvents = YES;
				INFOPLIST_KEY_UILaunchScreen_Generation = YES;
				INFOPLIST_KEY_UISupportedInterfaceOrientations_iPad = "UIInterfaceOrientationPortrait UIInterfaceOrientationPortraitUpsideDown UIInterfaceOrientationLandscapeLeft UIInterfaceOrientationLandscapeRight";
				INFOPLIST_KEY_UISupportedInterfaceOrientations_iPhone = "UIInterfaceOrientationPortrait UIInterfaceOrientationLandscapeLeft UIInterfaceOrientationLandscapeRight";
				LD_RUNPATH_SEARCH_PATHS = (
					"$(inherited)",
					"@executable_path/Frameworks",
				);
				MARKETING_VERSION = 1.0;
				PRODUCT_BUNDLE_IDENTIFIER = me.sara.AItTestImageTWQ;
				PRODUCT_NAME = "$(TARGET_NAME)";
				SWIFT_EMIT_LOC_STRINGS = YES;
				SWIFT_VERSION = 5.0;
				TARGETED_DEVICE_FAMILY = "1,2";
			};
			name = Debug;
		};
		5663F9D32A24F9E60054AD54 /* Release */ = {
			isa = XCBuildConfiguration;
			buildSettings = {
				ASSETCATALOG_COMPILER_APPICON_NAME = AppIcon;
				ASSETCATALOG_COMPILER_GLOBAL_ACCENT_COLOR_NAME = AccentColor;
				CODE_SIGN_STYLE = Automatic;
				CURRENT_PROJECT_VERSION = 1;
				DEVELOPMENT_ASSET_PATHS = "\"AItTestImageTWQ/Preview Content\"";
				DEVELOPMENT_TEAM = 44QNX63HR6;
				ENABLE_PREVIEWS = YES;
				GENERATE_INFOPLIST_FILE = YES;
				INFOPLIST_KEY_UIApplicationSceneManifest_Generation = YES;
				INFOPLIST_KEY_UIApplicationSupportsIndirectInputEvents = YES;
				INFOPLIST_KEY_UILaunchScreen_Generation = YES;
				INFOPLIST_KEY_UISupportedInterfaceOrientations_iPad = "UIInterfaceOrientationPortrait UIInterfaceOrientationPortraitUpsideDown UIInterfaceOrientationLandscapeLeft UIInterfaceOrientationLandscapeRight";
				INFOPLIST_KEY_UISupportedInterfaceOrientations_iPhone = "UIInterfaceOrientationPortrait UIInterfaceOrientationLandscapeLeft UIInterfaceOrientationLandscapeRight";
				LD_RUNPATH_SEARCH_PATHS = (
					"$(inherited)",
					"@executable_path/Frameworks",
				);
				MARKETING_VERSION = 1.0;
				PRODUCT_BUNDLE_IDENTIFIER = me.sara.AItTestImageTWQ;
				PRODUCT_NAME = "$(TARGET_NAME)";
				SWIFT_EMIT_LOC_STRINGS = YES;
				SWIFT_VERSION = 5.0;
				TARGETED_DEVICE_FAMILY = "1,2";
			};
			name = Release;
		};
/* End XCBuildConfiguration section */

/* Begin XCConfigurationList section */
		5663F9BE2A24F9E30054AD54 /* Build configuration list for PBXProject "AItTestImageTWQ" */ = {
			isa = XCConfigurationList;
			buildConfigurations = (
				5663F9CF2A24F9E60054AD54 /* Debug */,
				5663F9D02A24F9E60054AD54 /* Release */,
			);
			defaultConfigurationIsVisible = 0;
			defaultConfigurationName = Release;
		};
		5663F9D12A24F9E60054AD54 /* Build configuration list for PBXNativeTarget "AItTestImageTWQ" */ = {
			isa = XCConfigurationList;
			buildConfigurations = (
				5663F9D22A24F9E60054AD54 /* Debug */,
				5663F9D32A24F9E60054AD54 /* Release */,
			);
			defaultConfigurationIsVisible = 0;
			defaultConfigurationName = Release;
		};
/* End XCConfigurationList section */
	};
	rootObject = 5663F9BB2A24F9E30054AD54 /* Project object */;
}
